
Microsoft Visual Studio Solution File, Format Version 12.00
# Visual Studio Version 17
VisualStudioVersion = 17.8.34525.116
MinimumVisualStudioVersion = 10.0.40219.1
Project("{9A19103F-16F7-4668-BE54-9A1E7A4F7556}") = "DuelingDuelsters", "DuelingDuelsters.csproj", "{A0489BAA-2E3F-4F90-9D1F-CBCD9B5FA16F}"
EndProject
Global
	GlobalSection(SolutionConfigurationPlatforms) = preSolution
		Debug|Any CPU = Debug|Any CPU
		Debug|x64 = Debug|x64
		Debug|x86 = Debug|x86
		Release|Any CPU = Release|Any CPU
		Release|x64 = Release|x64
		Release|x86 = Release|x86
	EndGlobalSection
	GlobalSection(ProjectConfigurationPlatforms) = postSolution
		{A0489BAA-2E3F-4F90-9D1F-CBCD9B5FA16F}.Debug|Any CPU.ActiveCfg = Debug|Any CPU
		{A0489BAA-2E3F-4F90-9D1F-CBCD9B5FA16F}.Debug|Any CPU.Build.0 = Debug|Any CPU
		{A0489BAA-2E3F-4F90-9D1F-CBCD9B5FA16F}.Debug|x64.ActiveCfg = Debug|x64
		{A0489BAA-2E3F-4F90-9D1F-CBCD9B5FA16F}.Debug|x64.Build.0 = Debug|x64
		{A0489BAA-2E3F-4F90-9D1F-CBCD9B5FA16F}.Debug|x86.ActiveCfg = Debug|Any CPU
		{A0489BAA-2E3F-4F90-9D1F-CBCD9B5FA16F}.Debug|x86.Build.0 = Debug|Any CPU
		{A0489BAA-2E3F-4F90-9D1F-CBCD9B5FA16F}.Release|Any CPU.ActiveCfg = Release|x64
		{A0489BAA-2E3F-4F90-9D1F-CBCD9B5FA16F}.Release|Any CPU.Build.0 = Release|x64
		{A0489BAA-2E3F-4F90-9D1F-CBCD9B5FA16F}.Release|x64.ActiveCfg = Release|x64
		{A0489BAA-2E3F-4F90-9D1F-CBCD9B5FA16F}.Release|x64.Build.0 = Release|x64
		{A0489BAA-2E3F-4F90-9D1F-CBCD9B5FA16F}.Release|x86.ActiveCfg = Release|Any CPU
		{A0489BAA-2E3F-4F90-9D1F-CBCD9B5FA16F}.Release|x86.Build.0 = Release|Any CPU
	EndGlobalSection
	GlobalSection(SolutionProperties) = preSolution
		HideSolutionNode = FALSE
	EndGlobalSection
	GlobalSection(ExtensibilityGlobals) = postSolution
		SolutionGuid = {1EB290A1-4573-40C9-868E-773657EC6CEC}
	EndGlobalSection
EndGlobal
